
Microsoft Visual Studio Solution File, Format Version 12.00
# Visual Studio Version 16
VisualStudioVersion = 16.0.30804.86
MinimumVisualStudioVersion = 10.0.40219.1
Project("{FAE04EC0-301F-11D3-BF4B-00C04F79EFBC}") = "openlocally", "openlocally.csproj", "{9E7C9E08-9E99-407D-BDDA-B681416AC4A7}"
EndProject
Global
	GlobalSection(SolutionConfigurationPlatforms) = preSolution
		Debug|Any CPU = Debug|Any CPU
		Release|Any CPU = Release|Any CPU
	EndGlobalSection
	GlobalSection(ProjectConfigurationPlatforms) = postSolution
		{9E7C9E08-9E99-407D-BDDA-B681416AC4A7}.Debug|Any CPU.ActiveCfg = Debug|Any CPU
		{9E7C9E08-9E99-407D-BDDA-B681416AC4A7}.Debug|Any CPU.Build.0 = Debug|Any CPU
		{9E7C9E08-9E99-407D-BDDA-B681416AC4A7}.Release|Any CPU.ActiveCfg = Release|Any CPU
		{9E7C9E08-9E99-407D-BDDA-B681416AC4A7}.Release|Any CPU.Build.0 = Release|Any CPU
	EndGlobalSection
	GlobalSection(SolutionProperties) = preSolution
		HideSolutionNode = FALSE
	EndGlobalSection
	GlobalSection(ExtensibilityGlobals) = postSolution
		SolutionGuid = {4E9BDF0D-952C-49A5-96CB-4D832397B9AA}
	EndGlobalSection
EndGlobal
